
Microsoft Visual Studio Solution File, Format Version 12.00
# Visual Studio 15
VisualStudioVersion = 15.0.27004.2009
MinimumVisualStudioVersion = 10.0.40219.1
Project("{FAE04EC0-301F-11D3-BF4B-00C04F79EFBC}") = "MyFileBrowser2", "MyFileBrowser2\MyFileBrowser2.csproj", "{ACE2584F-7C3D-4611-817B-E25859EE213C}"
EndProject
Global
	GlobalSection(SolutionConfigurationPlatforms) = preSolution
		Debug|Any CPU = Debug|Any CPU
		Release|Any CPU = Release|Any CPU
	EndGlobalSection
	GlobalSection(ProjectConfigurationPlatforms) = postSolution
		{ACE2584F-7C3D-4611-817B-E25859EE213C}.Debug|Any CPU.ActiveCfg = Debug|Any CPU
		{ACE2584F-7C3D-4611-817B-E25859EE213C}.Debug|Any CPU.Build.0 = Debug|Any CPU
		{ACE2584F-7C3D-4611-817B-E25859EE213C}.Release|Any CPU.ActiveCfg = Release|Any CPU
		{ACE2584F-7C3D-4611-817B-E25859EE213C}.Release|Any CPU.Build.0 = Release|Any CPU
	EndGlobalSection
	GlobalSection(SolutionProperties) = preSolution
		HideSolutionNode = FALSE
	EndGlobalSection
	GlobalSection(ExtensibilityGlobals) = postSolution
		SolutionGuid = {4D2530DD-E6D6-4521-A271-CE8266362FC3}
	EndGlobalSection
EndGlobal
